
Microsoft Visual Studio Solution File, Format Version 12.00
# Visual Studio Version 17
VisualStudioVersion = 17.9.34607.119
MinimumVisualStudioVersion = 10.0.40219.1
Project("{FAE04EC0-301F-11D3-BF4B-00C04F79EFBC}") = "SampleGroundForTheDay", "SampleGroundForTheDay.csproj", "{407DB1C2-9A74-414A-8FC3-98407CB72626}"
EndProject
Global
	GlobalSection(SolutionConfigurationPlatforms) = preSolution
		Debug|Any CPU = Debug|Any CPU
		Release|Any CPU = Release|Any CPU
	EndGlobalSection
	GlobalSection(ProjectConfigurationPlatforms) = postSolution
		{407DB1C2-9A74-414A-8FC3-98407CB72626}.Debug|Any CPU.ActiveCfg = Debug|Any CPU
		{407DB1C2-9A74-414A-8FC3-98407CB72626}.Debug|Any CPU.Build.0 = Debug|Any CPU
		{407DB1C2-9A74-414A-8FC3-98407CB72626}.Release|Any CPU.ActiveCfg = Release|Any CPU
		{407DB1C2-9A74-414A-8FC3-98407CB72626}.Release|Any CPU.Build.0 = Release|Any CPU
	EndGlobalSection
	GlobalSection(SolutionProperties) = preSolution
		HideSolutionNode = FALSE
	EndGlobalSection
	GlobalSection(ExtensibilityGlobals) = postSolution
		SolutionGuid = {ED22619C-0105-4FEB-B025-324CD70D9358}
	EndGlobalSection
EndGlobal
